
Microsoft Visual Studio Solution File, Format Version 12.00
# Visual Studio Version 17
VisualStudioVersion = 17.8.34525.116
MinimumVisualStudioVersion = 10.0.40219.1
Project("{FAE04EC0-301F-11D3-BF4B-00C04F79EFBC}") = "AizenBankV1.Web", "AizenBankV1.Web\AizenBankV1.Web.csproj", "{B36578D5-52FF-4E53-9DA0-111770D141BE}"
EndProject
Global
	GlobalSection(SolutionConfigurationPlatforms) = preSolution
		Debug|Any CPU = Debug|Any CPU
		Release|Any CPU = Release|Any CPU
	EndGlobalSection
	GlobalSection(ProjectConfigurationPlatforms) = postSolution
		{B36578D5-52FF-4E53-9DA0-111770D141BE}.Debug|Any CPU.ActiveCfg = Debug|Any CPU
		{B36578D5-52FF-4E53-9DA0-111770D141BE}.Debug|Any CPU.Build.0 = Debug|Any CPU
		{B36578D5-52FF-4E53-9DA0-111770D141BE}.Release|Any CPU.ActiveCfg = Release|Any CPU
		{B36578D5-52FF-4E53-9DA0-111770D141BE}.Release|Any CPU.Build.0 = Release|Any CPU
	EndGlobalSection
	GlobalSection(SolutionProperties) = preSolution
		HideSolutionNode = FALSE
	EndGlobalSection
	GlobalSection(ExtensibilityGlobals) = postSolution
		SolutionGuid = {312537F9-DA03-4C8B-9DF0-3CC0F735041F}
	EndGlobalSection
EndGlobal
